
Microsoft Visual Studio Solution File, Format Version 12.00
# Visual Studio 2012
Project("{FAE04EC0-301F-11D3-BF4B-00C04F79EFBC}") = "MMS2_Reports", "MMS2_Reports.csproj", "{63143A9B-5807-4090-8BB1-56CF78831D27}"
EndProject
Global
	GlobalSection(SolutionConfigurationPlatforms) = preSolution
		Debug|Any CPU = Debug|Any CPU
		Release|Any CPU = Release|Any CPU
	EndGlobalSection
	GlobalSection(ProjectConfigurationPlatforms) = postSolution
		{63143A9B-5807-4090-8BB1-56CF78831D27}.Debug|Any CPU.ActiveCfg = Debug|Any CPU
		{63143A9B-5807-4090-8BB1-56CF78831D27}.Debug|Any CPU.Build.0 = Debug|Any CPU
		{63143A9B-5807-4090-8BB1-56CF78831D27}.Release|Any CPU.ActiveCfg = Release|Any CPU
		{63143A9B-5807-4090-8BB1-56CF78831D27}.Release|Any CPU.Build.0 = Release|Any CPU
	EndGlobalSection
	GlobalSection(SolutionProperties) = preSolution
		HideSolutionNode = FALSE
	EndGlobalSection
EndGlobal
